
Microsoft Visual Studio Solution File, Format Version 12.00
# Visual Studio Version 17
VisualStudioVersion = 17.0.31903.59
MinimumVisualStudioVersion = 10.0.40219.1
Project("{2150E333-8FDC-42A3-9474-1A3956D46DE8}") = "src", "src", "{28143C81-F770-4AE1-AB32-46147E3C3867}"
EndProject
Project("{2150E333-8FDC-42A3-9474-1A3956D46DE8}") = "Common", "Common", "{6E69666D-5481-4AE6-8E1B-DBF7DE03D7DE}"
EndProject
Project("{FAE04EC0-301F-11D3-BF4B-00C04F79EFBC}") = "Trace.ServiceDefaults", "src\Common\ServiceDefaults\Trace.ServiceDefaults.csproj", "{47E89309-CD65-4A05-8FBF-E0634D71F05D}"
EndProject
Project("{FAE04EC0-301F-11D3-BF4B-00C04F79EFBC}") = "Trace.AppHost", "src\AppHost\Trace.AppHost.csproj", "{C2E5C90B-A924-4855-949F-C3334EC77081}"
EndProject
Global
	GlobalSection(SolutionConfigurationPlatforms) = preSolution
		Debug|Any CPU = Debug|Any CPU
		Release|Any CPU = Release|Any CPU
	EndGlobalSection
	GlobalSection(SolutionProperties) = preSolution
		HideSolutionNode = FALSE
	EndGlobalSection
	GlobalSection(ProjectConfigurationPlatforms) = postSolution
		{47E89309-CD65-4A05-8FBF-E0634D71F05D}.Debug|Any CPU.ActiveCfg = Debug|Any CPU
		{47E89309-CD65-4A05-8FBF-E0634D71F05D}.Debug|Any CPU.Build.0 = Debug|Any CPU
		{47E89309-CD65-4A05-8FBF-E0634D71F05D}.Release|Any CPU.ActiveCfg = Release|Any CPU
		{47E89309-CD65-4A05-8FBF-E0634D71F05D}.Release|Any CPU.Build.0 = Release|Any CPU
		{C2E5C90B-A924-4855-949F-C3334EC77081}.Debug|Any CPU.ActiveCfg = Debug|Any CPU
		{C2E5C90B-A924-4855-949F-C3334EC77081}.Debug|Any CPU.Build.0 = Debug|Any CPU
		{C2E5C90B-A924-4855-949F-C3334EC77081}.Release|Any CPU.ActiveCfg = Release|Any CPU
		{C2E5C90B-A924-4855-949F-C3334EC77081}.Release|Any CPU.Build.0 = Release|Any CPU
	EndGlobalSection
	GlobalSection(NestedProjects) = preSolution
		{6E69666D-5481-4AE6-8E1B-DBF7DE03D7DE} = {28143C81-F770-4AE1-AB32-46147E3C3867}
		{47E89309-CD65-4A05-8FBF-E0634D71F05D} = {6E69666D-5481-4AE6-8E1B-DBF7DE03D7DE}
		{C2E5C90B-A924-4855-949F-C3334EC77081} = {28143C81-F770-4AE1-AB32-46147E3C3867}
	EndGlobalSection
EndGlobal
