
Microsoft Visual Studio Solution File, Format Version 12.00
# Visual Studio Version 17
VisualStudioVersion = 17.0.31903.59
MinimumVisualStudioVersion = 10.0.40219.1
Project("{2150E333-8FDC-42A3-9474-1A3956D46DE8}") = "src", "src", "{28143C81-F770-4AE1-AB32-46147E3C3867}"
EndProject
Project("{2150E333-8FDC-42A3-9474-1A3956D46DE8}") = "Common", "Common", "{6E69666D-5481-4AE6-8E1B-DBF7DE03D7DE}"
EndProject
Project("{FAE04EC0-301F-11D3-BF4B-00C04F79EFBC}") = "Trace.AppHost", "src\AppHost\Trace.AppHost.csproj", "{C2E5C90B-A924-4855-949F-C3334EC77081}"
EndProject
Project("{FAE04EC0-301F-11D3-BF4B-00C04F79EFBC}") = "Trace.Common", "src\Common\Shared\Trace.Common.csproj", "{DBD3CAB8-98AA-4ACB-B836-C5E8F8114994}"
EndProject
Project("{FAE04EC0-301F-11D3-BF4B-00C04F79EFBC}") = "Trace.Gateway", "src\Gateway\Trace.Gateway.csproj", "{C46AF733-20D9-4667-BF79-D7B3DA58DBA8}"
EndProject
Project("{2150E333-8FDC-42A3-9474-1A3956D46DE8}") = "Service", "Service", "{7D3E2D00-D7CD-4A2E-943D-A4379F984E74}"
EndProject
Project("{FAE04EC0-301F-11D3-BF4B-00C04F79EFBC}") = "Trace.ServiceDefaults", "src\ServiceDefaults\Trace.ServiceDefaults.csproj", "{2C7CA7E3-5D15-4522-8234-69C4E6610C77}"
EndProject
Project("{2150E333-8FDC-42A3-9474-1A3956D46DE8}") = "Manager", "Manager", "{38D44737-92DD-4452-BA6D-5C133BB17959}"
EndProject
Project("{FAE04EC0-301F-11D3-BF4B-00C04F79EFBC}") = "Trace.Manager", "src\Manager\Service\Trace.Manager.csproj", "{8C104FD8-4D37-41A2-B3A1-A4C013C82E1A}"
EndProject
Project("{FAE04EC0-301F-11D3-BF4B-00C04F79EFBC}") = "Trace.Manager.Client", "src\Manager\Client\Trace.Manager.Client.csproj", "{D8321A16-5BFB-4FC6-B16A-B608C1F03017}"
EndProject
Project("{FAE04EC0-301F-11D3-BF4B-00C04F79EFBC}") = "Trace.Frontend", "src\Frontend\Trace.Frontend.csproj", "{AB471E6A-BAAD-4E20-A556-A54F253CBB4E}"
EndProject
Project("{FAE04EC0-301F-11D3-BF4B-00C04F79EFBC}") = "Trace.Service.Integration", "src\Service\Integration\Trace.Service.Integration.csproj", "{053B748F-72D8-4077-9F25-8D802D6C0E96}"
EndProject
Project("{FAE04EC0-301F-11D3-BF4B-00C04F79EFBC}") = "Trace.Common.Queueing", "src\Common\Queueing\Trace.Common.Queueing.csproj", "{303FD27C-AB93-4947-AFEE-385F607B5A3B}"
EndProject
Project("{FAE04EC0-301F-11D3-BF4B-00C04F79EFBC}") = "Trace.Application", "src\Application\Trace.Application.csproj", "{791E3BC9-A783-4A9C-B297-AB41B9045CD2}"
EndProject
Project("{FAE04EC0-301F-11D3-BF4B-00C04F79EFBC}") = "Trace.Infrastructure", "src\Infrastructure\Trace.Infrastructure.csproj", "{E8F15C2E-A727-4560-A2D0-7DC0EFA68250}"
EndProject
Project("{FAE04EC0-301F-11D3-BF4B-00C04F79EFBC}") = "Trace.Service.Navigation", "src\Service\Navigation\Trace.Service.Navigation.csproj", "{891BA533-1C30-4106-BFB9-6EA5311F96AF}"
EndProject
Project("{FAE04EC0-301F-11D3-BF4B-00C04F79EFBC}") = "Trace.Service.Core", "src\Service\Core\Trace.Service.Core.csproj", "{04FD1BC9-D9D3-485B-BD76-889192585B71}"
EndProject
Global
	GlobalSection(SolutionConfigurationPlatforms) = preSolution
		Debug|Any CPU = Debug|Any CPU
		Release|Any CPU = Release|Any CPU
	EndGlobalSection
	GlobalSection(SolutionProperties) = preSolution
		HideSolutionNode = FALSE
	EndGlobalSection
	GlobalSection(ProjectConfigurationPlatforms) = postSolution
		{C2E5C90B-A924-4855-949F-C3334EC77081}.Debug|Any CPU.ActiveCfg = Debug|Any CPU
		{C2E5C90B-A924-4855-949F-C3334EC77081}.Debug|Any CPU.Build.0 = Debug|Any CPU
		{C2E5C90B-A924-4855-949F-C3334EC77081}.Release|Any CPU.ActiveCfg = Release|Any CPU
		{C2E5C90B-A924-4855-949F-C3334EC77081}.Release|Any CPU.Build.0 = Release|Any CPU
		{DBD3CAB8-98AA-4ACB-B836-C5E8F8114994}.Debug|Any CPU.ActiveCfg = Debug|Any CPU
		{DBD3CAB8-98AA-4ACB-B836-C5E8F8114994}.Debug|Any CPU.Build.0 = Debug|Any CPU
		{DBD3CAB8-98AA-4ACB-B836-C5E8F8114994}.Release|Any CPU.ActiveCfg = Release|Any CPU
		{DBD3CAB8-98AA-4ACB-B836-C5E8F8114994}.Release|Any CPU.Build.0 = Release|Any CPU
		{C46AF733-20D9-4667-BF79-D7B3DA58DBA8}.Debug|Any CPU.ActiveCfg = Debug|Any CPU
		{C46AF733-20D9-4667-BF79-D7B3DA58DBA8}.Debug|Any CPU.Build.0 = Debug|Any CPU
		{C46AF733-20D9-4667-BF79-D7B3DA58DBA8}.Release|Any CPU.ActiveCfg = Release|Any CPU
		{C46AF733-20D9-4667-BF79-D7B3DA58DBA8}.Release|Any CPU.Build.0 = Release|Any CPU
		{2C7CA7E3-5D15-4522-8234-69C4E6610C77}.Debug|Any CPU.ActiveCfg = Debug|Any CPU
		{2C7CA7E3-5D15-4522-8234-69C4E6610C77}.Debug|Any CPU.Build.0 = Debug|Any CPU
		{2C7CA7E3-5D15-4522-8234-69C4E6610C77}.Release|Any CPU.ActiveCfg = Release|Any CPU
		{2C7CA7E3-5D15-4522-8234-69C4E6610C77}.Release|Any CPU.Build.0 = Release|Any CPU
		{8C104FD8-4D37-41A2-B3A1-A4C013C82E1A}.Debug|Any CPU.ActiveCfg = Debug|Any CPU
		{8C104FD8-4D37-41A2-B3A1-A4C013C82E1A}.Debug|Any CPU.Build.0 = Debug|Any CPU
		{8C104FD8-4D37-41A2-B3A1-A4C013C82E1A}.Release|Any CPU.ActiveCfg = Release|Any CPU
		{8C104FD8-4D37-41A2-B3A1-A4C013C82E1A}.Release|Any CPU.Build.0 = Release|Any CPU
		{D8321A16-5BFB-4FC6-B16A-B608C1F03017}.Debug|Any CPU.ActiveCfg = Debug|Any CPU
		{D8321A16-5BFB-4FC6-B16A-B608C1F03017}.Debug|Any CPU.Build.0 = Debug|Any CPU
		{D8321A16-5BFB-4FC6-B16A-B608C1F03017}.Release|Any CPU.ActiveCfg = Release|Any CPU
		{D8321A16-5BFB-4FC6-B16A-B608C1F03017}.Release|Any CPU.Build.0 = Release|Any CPU
		{AB471E6A-BAAD-4E20-A556-A54F253CBB4E}.Debug|Any CPU.ActiveCfg = Debug|Any CPU
		{AB471E6A-BAAD-4E20-A556-A54F253CBB4E}.Debug|Any CPU.Build.0 = Debug|Any CPU
		{AB471E6A-BAAD-4E20-A556-A54F253CBB4E}.Release|Any CPU.ActiveCfg = Release|Any CPU
		{AB471E6A-BAAD-4E20-A556-A54F253CBB4E}.Release|Any CPU.Build.0 = Release|Any CPU
		{053B748F-72D8-4077-9F25-8D802D6C0E96}.Debug|Any CPU.ActiveCfg = Debug|Any CPU
		{053B748F-72D8-4077-9F25-8D802D6C0E96}.Debug|Any CPU.Build.0 = Debug|Any CPU
		{053B748F-72D8-4077-9F25-8D802D6C0E96}.Release|Any CPU.ActiveCfg = Release|Any CPU
		{053B748F-72D8-4077-9F25-8D802D6C0E96}.Release|Any CPU.Build.0 = Release|Any CPU
		{303FD27C-AB93-4947-AFEE-385F607B5A3B}.Debug|Any CPU.ActiveCfg = Debug|Any CPU
		{303FD27C-AB93-4947-AFEE-385F607B5A3B}.Debug|Any CPU.Build.0 = Debug|Any CPU
		{303FD27C-AB93-4947-AFEE-385F607B5A3B}.Release|Any CPU.ActiveCfg = Release|Any CPU
		{303FD27C-AB93-4947-AFEE-385F607B5A3B}.Release|Any CPU.Build.0 = Release|Any CPU
		{791E3BC9-A783-4A9C-B297-AB41B9045CD2}.Debug|Any CPU.ActiveCfg = Debug|Any CPU
		{791E3BC9-A783-4A9C-B297-AB41B9045CD2}.Debug|Any CPU.Build.0 = Debug|Any CPU
		{791E3BC9-A783-4A9C-B297-AB41B9045CD2}.Release|Any CPU.ActiveCfg = Release|Any CPU
		{791E3BC9-A783-4A9C-B297-AB41B9045CD2}.Release|Any CPU.Build.0 = Release|Any CPU
		{E8F15C2E-A727-4560-A2D0-7DC0EFA68250}.Debug|Any CPU.ActiveCfg = Debug|Any CPU
		{E8F15C2E-A727-4560-A2D0-7DC0EFA68250}.Debug|Any CPU.Build.0 = Debug|Any CPU
		{E8F15C2E-A727-4560-A2D0-7DC0EFA68250}.Release|Any CPU.ActiveCfg = Release|Any CPU
		{E8F15C2E-A727-4560-A2D0-7DC0EFA68250}.Release|Any CPU.Build.0 = Release|Any CPU
		{891BA533-1C30-4106-BFB9-6EA5311F96AF}.Debug|Any CPU.ActiveCfg = Debug|Any CPU
		{891BA533-1C30-4106-BFB9-6EA5311F96AF}.Debug|Any CPU.Build.0 = Debug|Any CPU
		{891BA533-1C30-4106-BFB9-6EA5311F96AF}.Release|Any CPU.ActiveCfg = Release|Any CPU
		{891BA533-1C30-4106-BFB9-6EA5311F96AF}.Release|Any CPU.Build.0 = Release|Any CPU
		{04FD1BC9-D9D3-485B-BD76-889192585B71}.Debug|Any CPU.ActiveCfg = Debug|Any CPU
		{04FD1BC9-D9D3-485B-BD76-889192585B71}.Debug|Any CPU.Build.0 = Debug|Any CPU
		{04FD1BC9-D9D3-485B-BD76-889192585B71}.Release|Any CPU.ActiveCfg = Release|Any CPU
		{04FD1BC9-D9D3-485B-BD76-889192585B71}.Release|Any CPU.Build.0 = Release|Any CPU
	EndGlobalSection
	GlobalSection(NestedProjects) = preSolution
		{6E69666D-5481-4AE6-8E1B-DBF7DE03D7DE} = {28143C81-F770-4AE1-AB32-46147E3C3867}
		{C2E5C90B-A924-4855-949F-C3334EC77081} = {28143C81-F770-4AE1-AB32-46147E3C3867}
		{DBD3CAB8-98AA-4ACB-B836-C5E8F8114994} = {6E69666D-5481-4AE6-8E1B-DBF7DE03D7DE}
		{C46AF733-20D9-4667-BF79-D7B3DA58DBA8} = {28143C81-F770-4AE1-AB32-46147E3C3867}
		{7D3E2D00-D7CD-4A2E-943D-A4379F984E74} = {28143C81-F770-4AE1-AB32-46147E3C3867}
		{2C7CA7E3-5D15-4522-8234-69C4E6610C77} = {28143C81-F770-4AE1-AB32-46147E3C3867}
		{38D44737-92DD-4452-BA6D-5C133BB17959} = {28143C81-F770-4AE1-AB32-46147E3C3867}
		{8C104FD8-4D37-41A2-B3A1-A4C013C82E1A} = {38D44737-92DD-4452-BA6D-5C133BB17959}
		{D8321A16-5BFB-4FC6-B16A-B608C1F03017} = {38D44737-92DD-4452-BA6D-5C133BB17959}
		{AB471E6A-BAAD-4E20-A556-A54F253CBB4E} = {28143C81-F770-4AE1-AB32-46147E3C3867}
		{053B748F-72D8-4077-9F25-8D802D6C0E96} = {7D3E2D00-D7CD-4A2E-943D-A4379F984E74}
		{303FD27C-AB93-4947-AFEE-385F607B5A3B} = {6E69666D-5481-4AE6-8E1B-DBF7DE03D7DE}
		{791E3BC9-A783-4A9C-B297-AB41B9045CD2} = {28143C81-F770-4AE1-AB32-46147E3C3867}
		{E8F15C2E-A727-4560-A2D0-7DC0EFA68250} = {28143C81-F770-4AE1-AB32-46147E3C3867}
		{891BA533-1C30-4106-BFB9-6EA5311F96AF} = {7D3E2D00-D7CD-4A2E-943D-A4379F984E74}
		{04FD1BC9-D9D3-485B-BD76-889192585B71} = {7D3E2D00-D7CD-4A2E-943D-A4379F984E74}
	EndGlobalSection
EndGlobal
