
Microsoft Visual Studio Solution File, Format Version 12.00
# Visual Studio Version 17
VisualStudioVersion = 17.0.31903.59
MinimumVisualStudioVersion = 10.0.40219.1
Project("{2150E333-8FDC-42A3-9474-1A3956D46DE8}") = "src", "src", "{28143C81-F770-4AE1-AB32-46147E3C3867}"
EndProject
Project("{2150E333-8FDC-42A3-9474-1A3956D46DE8}") = "Common", "Common", "{6E69666D-5481-4AE6-8E1B-DBF7DE03D7DE}"
EndProject
Project("{FAE04EC0-301F-11D3-BF4B-00C04F79EFBC}") = "Trace.AppHost", "src\AppHost\Trace.AppHost.csproj", "{C2E5C90B-A924-4855-949F-C3334EC77081}"
EndProject
Project("{FAE04EC0-301F-11D3-BF4B-00C04F79EFBC}") = "Trace.Common.Shared", "src\Common\Shared\Trace.Common.Shared.csproj", "{DBD3CAB8-98AA-4ACB-B836-C5E8F8114994}"
EndProject
Project("{FAE04EC0-301F-11D3-BF4B-00C04F79EFBC}") = "Trace.Gateway", "src\Gateway\Trace.Gateway.csproj", "{C46AF733-20D9-4667-BF79-D7B3DA58DBA8}"
EndProject
Project("{2150E333-8FDC-42A3-9474-1A3956D46DE8}") = "Service", "Service", "{7D3E2D00-D7CD-4A2E-943D-A4379F984E74}"
EndProject
Project("{FAE04EC0-301F-11D3-BF4B-00C04F79EFBC}") = "Trace.Service.Core", "src\Service\Core\Trace.Service.Core.csproj", "{59CD72D6-46B3-41BC-9A92-EDBB6E025BE6}"
EndProject
Project("{FAE04EC0-301F-11D3-BF4B-00C04F79EFBC}") = "Trace.ServiceDefaults", "src\ServiceDefaults\Trace.ServiceDefaults.csproj", "{2C7CA7E3-5D15-4522-8234-69C4E6610C77}"
EndProject
Global
	GlobalSection(SolutionConfigurationPlatforms) = preSolution
		Debug|Any CPU = Debug|Any CPU
		Release|Any CPU = Release|Any CPU
	EndGlobalSection
	GlobalSection(SolutionProperties) = preSolution
		HideSolutionNode = FALSE
	EndGlobalSection
	GlobalSection(ProjectConfigurationPlatforms) = postSolution
		{C2E5C90B-A924-4855-949F-C3334EC77081}.Debug|Any CPU.ActiveCfg = Debug|Any CPU
		{C2E5C90B-A924-4855-949F-C3334EC77081}.Debug|Any CPU.Build.0 = Debug|Any CPU
		{C2E5C90B-A924-4855-949F-C3334EC77081}.Release|Any CPU.ActiveCfg = Release|Any CPU
		{C2E5C90B-A924-4855-949F-C3334EC77081}.Release|Any CPU.Build.0 = Release|Any CPU
		{DBD3CAB8-98AA-4ACB-B836-C5E8F8114994}.Debug|Any CPU.ActiveCfg = Debug|Any CPU
		{DBD3CAB8-98AA-4ACB-B836-C5E8F8114994}.Debug|Any CPU.Build.0 = Debug|Any CPU
		{DBD3CAB8-98AA-4ACB-B836-C5E8F8114994}.Release|Any CPU.ActiveCfg = Release|Any CPU
		{DBD3CAB8-98AA-4ACB-B836-C5E8F8114994}.Release|Any CPU.Build.0 = Release|Any CPU
		{C46AF733-20D9-4667-BF79-D7B3DA58DBA8}.Debug|Any CPU.ActiveCfg = Debug|Any CPU
		{C46AF733-20D9-4667-BF79-D7B3DA58DBA8}.Debug|Any CPU.Build.0 = Debug|Any CPU
		{C46AF733-20D9-4667-BF79-D7B3DA58DBA8}.Release|Any CPU.ActiveCfg = Release|Any CPU
		{C46AF733-20D9-4667-BF79-D7B3DA58DBA8}.Release|Any CPU.Build.0 = Release|Any CPU
		{59CD72D6-46B3-41BC-9A92-EDBB6E025BE6}.Debug|Any CPU.ActiveCfg = Debug|Any CPU
		{59CD72D6-46B3-41BC-9A92-EDBB6E025BE6}.Debug|Any CPU.Build.0 = Debug|Any CPU
		{59CD72D6-46B3-41BC-9A92-EDBB6E025BE6}.Release|Any CPU.ActiveCfg = Release|Any CPU
		{59CD72D6-46B3-41BC-9A92-EDBB6E025BE6}.Release|Any CPU.Build.0 = Release|Any CPU
		{2C7CA7E3-5D15-4522-8234-69C4E6610C77}.Debug|Any CPU.ActiveCfg = Debug|Any CPU
		{2C7CA7E3-5D15-4522-8234-69C4E6610C77}.Debug|Any CPU.Build.0 = Debug|Any CPU
		{2C7CA7E3-5D15-4522-8234-69C4E6610C77}.Release|Any CPU.ActiveCfg = Release|Any CPU
		{2C7CA7E3-5D15-4522-8234-69C4E6610C77}.Release|Any CPU.Build.0 = Release|Any CPU
	EndGlobalSection
	GlobalSection(NestedProjects) = preSolution
		{6E69666D-5481-4AE6-8E1B-DBF7DE03D7DE} = {28143C81-F770-4AE1-AB32-46147E3C3867}
		{C2E5C90B-A924-4855-949F-C3334EC77081} = {28143C81-F770-4AE1-AB32-46147E3C3867}
		{DBD3CAB8-98AA-4ACB-B836-C5E8F8114994} = {6E69666D-5481-4AE6-8E1B-DBF7DE03D7DE}
		{C46AF733-20D9-4667-BF79-D7B3DA58DBA8} = {28143C81-F770-4AE1-AB32-46147E3C3867}
		{7D3E2D00-D7CD-4A2E-943D-A4379F984E74} = {28143C81-F770-4AE1-AB32-46147E3C3867}
		{59CD72D6-46B3-41BC-9A92-EDBB6E025BE6} = {7D3E2D00-D7CD-4A2E-943D-A4379F984E74}
		{2C7CA7E3-5D15-4522-8234-69C4E6610C77} = {28143C81-F770-4AE1-AB32-46147E3C3867}
	EndGlobalSection
EndGlobal
